
Microsoft Visual Studio Solution File, Format Version 12.00
# Visual Studio Version 17
VisualStudioVersion = 17.0.31903.59
MinimumVisualStudioVersion = 10.0.40219.1
Project("{2150E333-8FDC-42A3-9474-1A3956D46DE8}") = "src", "src", "{1BE54B58-19C6-4673-B693-6A1D2EB3C8D8}"
EndProject
Project("{FAE04EC0-301F-11D3-BF4B-00C04F79EFBC}") = "SynthGen.Core", "src\SynthGen.Core\SynthGen.Core.csproj", "{5B2B3F05-8B39-4571-8B7A-F9C10CB02B61}"
EndProject
Project("{FAE04EC0-301F-11D3-BF4B-00C04F79EFBC}") = "SynthGen.Cli", "src\SynthGen.Cli\SynthGen.Cli.csproj", "{501205A7-F83C-4A39-9DED-B6C1A4FC7A07}"
EndProject
Project("{2150E333-8FDC-42A3-9474-1A3956D46DE8}") = "tests", "tests", "{EFF6B650-7D03-4DDF-9911-510A7DAF0960}"
EndProject
Project("{FAE04EC0-301F-11D3-BF4B-00C04F79EFBC}") = "SynthGen.Tests", "tests\SynthGen.Tests\SynthGen.Tests.csproj", "{01EF29DE-4E98-44B5-AA45-D63653BB463A}"
EndProject
Project("{FAE04EC0-301F-11D3-BF4B-00C04F79EFBC}") = "SynthGen.Sqlite", "src\SynthGen.Sqlite\SynthGen.Sqlite.csproj", "{FC3DD746-338D-4326-B90C-97A5949E4DD1}"
EndProject
Project("{FAE04EC0-301F-11D3-BF4B-00C04F79EFBC}") = "Pfandwerk.Core", "src\Pfandwerk.Core\Pfandwerk.Core.csproj", "{FF11E91C-FBD4-4916-86DC-3772BD1CFF54}"
EndProject
Project("{FAE04EC0-301F-11D3-BF4B-00C04F79EFBC}") = "Pfandwerk.Cli", "src\Pfandwerk.Cli\Pfandwerk.Cli.csproj", "{3BA61679-2A6E-46E5-8850-5E4974AC5A11}"
EndProject
Project("{FAE04EC0-301F-11D3-BF4B-00C04F79EFBC}") = "Pfandwerk.Tests", "tests\Pfandwerk.Tests\Pfandwerk.Tests.csproj", "{9C010C48-42E2-47A3-96F7-8D4FB787A0B7}"
EndProject
Global
	GlobalSection(SolutionConfigurationPlatforms) = preSolution
		Debug|Any CPU = Debug|Any CPU
		Debug|x64 = Debug|x64
		Debug|x86 = Debug|x86
		Release|Any CPU = Release|Any CPU
		Release|x64 = Release|x64
		Release|x86 = Release|x86
	EndGlobalSection
	GlobalSection(ProjectConfigurationPlatforms) = postSolution
		{5B2B3F05-8B39-4571-8B7A-F9C10CB02B61}.Debug|Any CPU.ActiveCfg = Debug|Any CPU
		{5B2B3F05-8B39-4571-8B7A-F9C10CB02B61}.Debug|Any CPU.Build.0 = Debug|Any CPU
		{5B2B3F05-8B39-4571-8B7A-F9C10CB02B61}.Debug|x64.ActiveCfg = Debug|Any CPU
		{5B2B3F05-8B39-4571-8B7A-F9C10CB02B61}.Debug|x64.Build.0 = Debug|Any CPU
		{5B2B3F05-8B39-4571-8B7A-F9C10CB02B61}.Debug|x86.ActiveCfg = Debug|Any CPU
		{5B2B3F05-8B39-4571-8B7A-F9C10CB02B61}.Debug|x86.Build.0 = Debug|Any CPU
		{5B2B3F05-8B39-4571-8B7A-F9C10CB02B61}.Release|Any CPU.ActiveCfg = Release|Any CPU
		{5B2B3F05-8B39-4571-8B7A-F9C10CB02B61}.Release|Any CPU.Build.0 = Release|Any CPU
		{5B2B3F05-8B39-4571-8B7A-F9C10CB02B61}.Release|x64.ActiveCfg = Release|Any CPU
		{5B2B3F05-8B39-4571-8B7A-F9C10CB02B61}.Release|x64.Build.0 = Release|Any CPU
		{5B2B3F05-8B39-4571-8B7A-F9C10CB02B61}.Release|x86.ActiveCfg = Release|Any CPU
		{5B2B3F05-8B39-4571-8B7A-F9C10CB02B61}.Release|x86.Build.0 = Release|Any CPU
		{501205A7-F83C-4A39-9DED-B6C1A4FC7A07}.Debug|Any CPU.ActiveCfg = Debug|Any CPU
		{501205A7-F83C-4A39-9DED-B6C1A4FC7A07}.Debug|Any CPU.Build.0 = Debug|Any CPU
		{501205A7-F83C-4A39-9DED-B6C1A4FC7A07}.Debug|x64.ActiveCfg = Debug|Any CPU
		{501205A7-F83C-4A39-9DED-B6C1A4FC7A07}.Debug|x64.Build.0 = Debug|Any CPU
		{501205A7-F83C-4A39-9DED-B6C1A4FC7A07}.Debug|x86.ActiveCfg = Debug|Any CPU
		{501205A7-F83C-4A39-9DED-B6C1A4FC7A07}.Debug|x86.Build.0 = Debug|Any CPU
		{501205A7-F83C-4A39-9DED-B6C1A4FC7A07}.Release|Any CPU.ActiveCfg = Release|Any CPU
		{501205A7-F83C-4A39-9DED-B6C1A4FC7A07}.Release|Any CPU.Build.0 = Release|Any CPU
		{501205A7-F83C-4A39-9DED-B6C1A4FC7A07}.Release|x64.ActiveCfg = Release|Any CPU
		{501205A7-F83C-4A39-9DED-B6C1A4FC7A07}.Release|x64.Build.0 = Release|Any CPU
		{501205A7-F83C-4A39-9DED-B6C1A4FC7A07}.Release|x86.ActiveCfg = Release|Any CPU
		{501205A7-F83C-4A39-9DED-B6C1A4FC7A07}.Release|x86.Build.0 = Release|Any CPU
		{01EF29DE-4E98-44B5-AA45-D63653BB463A}.Debug|Any CPU.ActiveCfg = Debug|Any CPU
		{01EF29DE-4E98-44B5-AA45-D63653BB463A}.Debug|Any CPU.Build.0 = Debug|Any CPU
		{01EF29DE-4E98-44B5-AA45-D63653BB463A}.Debug|x64.ActiveCfg = Debug|Any CPU
		{01EF29DE-4E98-44B5-AA45-D63653BB463A}.Debug|x64.Build.0 = Debug|Any CPU
		{01EF29DE-4E98-44B5-AA45-D63653BB463A}.Debug|x86.ActiveCfg = Debug|Any CPU
		{01EF29DE-4E98-44B5-AA45-D63653BB463A}.Debug|x86.Build.0 = Debug|Any CPU
		{01EF29DE-4E98-44B5-AA45-D63653BB463A}.Release|Any CPU.ActiveCfg = Release|Any CPU
		{01EF29DE-4E98-44B5-AA45-D63653BB463A}.Release|Any CPU.Build.0 = Release|Any CPU
		{01EF29DE-4E98-44B5-AA45-D63653BB463A}.Release|x64.ActiveCfg = Release|Any CPU
		{01EF29DE-4E98-44B5-AA45-D63653BB463A}.Release|x64.Build.0 = Release|Any CPU
		{01EF29DE-4E98-44B5-AA45-D63653BB463A}.Release|x86.ActiveCfg = Release|Any CPU
		{01EF29DE-4E98-44B5-AA45-D63653BB463A}.Release|x86.Build.0 = Release|Any CPU
		{FC3DD746-338D-4326-B90C-97A5949E4DD1}.Debug|Any CPU.ActiveCfg = Debug|Any CPU
		{FC3DD746-338D-4326-B90C-97A5949E4DD1}.Debug|Any CPU.Build.0 = Debug|Any CPU
		{FC3DD746-338D-4326-B90C-97A5949E4DD1}.Debug|x64.ActiveCfg = Debug|Any CPU
		{FC3DD746-338D-4326-B90C-97A5949E4DD1}.Debug|x64.Build.0 = Debug|Any CPU
		{FC3DD746-338D-4326-B90C-97A5949E4DD1}.Debug|x86.ActiveCfg = Debug|Any CPU
		{FC3DD746-338D-4326-B90C-97A5949E4DD1}.Debug|x86.Build.0 = Debug|Any CPU
		{FC3DD746-338D-4326-B90C-97A5949E4DD1}.Release|Any CPU.ActiveCfg = Release|Any CPU
		{FC3DD746-338D-4326-B90C-97A5949E4DD1}.Release|Any CPU.Build.0 = Release|Any CPU
		{FC3DD746-338D-4326-B90C-97A5949E4DD1}.Release|x64.ActiveCfg = Release|Any CPU
		{FC3DD746-338D-4326-B90C-97A5949E4DD1}.Release|x64.Build.0 = Release|Any CPU
		{FC3DD746-338D-4326-B90C-97A5949E4DD1}.Release|x86.ActiveCfg = Release|Any CPU
		{FC3DD746-338D-4326-B90C-97A5949E4DD1}.Release|x86.Build.0 = Release|Any CPU
		{FF11E91C-FBD4-4916-86DC-3772BD1CFF54}.Debug|Any CPU.ActiveCfg = Debug|Any CPU
		{FF11E91C-FBD4-4916-86DC-3772BD1CFF54}.Debug|Any CPU.Build.0 = Debug|Any CPU
		{FF11E91C-FBD4-4916-86DC-3772BD1CFF54}.Debug|x64.ActiveCfg = Debug|Any CPU
		{FF11E91C-FBD4-4916-86DC-3772BD1CFF54}.Debug|x64.Build.0 = Debug|Any CPU
		{FF11E91C-FBD4-4916-86DC-3772BD1CFF54}.Debug|x86.ActiveCfg = Debug|Any CPU
		{FF11E91C-FBD4-4916-86DC-3772BD1CFF54}.Debug|x86.Build.0 = Debug|Any CPU
		{FF11E91C-FBD4-4916-86DC-3772BD1CFF54}.Release|Any CPU.ActiveCfg = Release|Any CPU
		{FF11E91C-FBD4-4916-86DC-3772BD1CFF54}.Release|Any CPU.Build.0 = Release|Any CPU
		{FF11E91C-FBD4-4916-86DC-3772BD1CFF54}.Release|x64.ActiveCfg = Release|Any CPU
		{FF11E91C-FBD4-4916-86DC-3772BD1CFF54}.Release|x64.Build.0 = Release|Any CPU
		{FF11E91C-FBD4-4916-86DC-3772BD1CFF54}.Release|x86.ActiveCfg = Release|Any CPU
		{FF11E91C-FBD4-4916-86DC-3772BD1CFF54}.Release|x86.Build.0 = Release|Any CPU
		{3BA61679-2A6E-46E5-8850-5E4974AC5A11}.Debug|Any CPU.ActiveCfg = Debug|Any CPU
		{3BA61679-2A6E-46E5-8850-5E4974AC5A11}.Debug|Any CPU.Build.0 = Debug|Any CPU
		{3BA61679-2A6E-46E5-8850-5E4974AC5A11}.Debug|x64.ActiveCfg = Debug|Any CPU
		{3BA61679-2A6E-46E5-8850-5E4974AC5A11}.Debug|x64.Build.0 = Debug|Any CPU
		{3BA61679-2A6E-46E5-8850-5E4974AC5A11}.Debug|x86.ActiveCfg = Debug|Any CPU
		{3BA61679-2A6E-46E5-8850-5E4974AC5A11}.Debug|x86.Build.0 = Debug|Any CPU
		{3BA61679-2A6E-46E5-8850-5E4974AC5A11}.Release|Any CPU.ActiveCfg = Release|Any CPU
		{3BA61679-2A6E-46E5-8850-5E4974AC5A11}.Release|Any CPU.Build.0 = Release|Any CPU
		{3BA61679-2A6E-46E5-8850-5E4974AC5A11}.Release|x64.ActiveCfg = Release|Any CPU
		{3BA61679-2A6E-46E5-8850-5E4974AC5A11}.Release|x64.Build.0 = Release|Any CPU
		{3BA61679-2A6E-46E5-8850-5E4974AC5A11}.Release|x86.ActiveCfg = Release|Any CPU
		{3BA61679-2A6E-46E5-8850-5E4974AC5A11}.Release|x86.Build.0 = Release|Any CPU
		{9C010C48-42E2-47A3-96F7-8D4FB787A0B7}.Debug|Any CPU.ActiveCfg = Debug|Any CPU
		{9C010C48-42E2-47A3-96F7-8D4FB787A0B7}.Debug|Any CPU.Build.0 = Debug|Any CPU
		{9C010C48-42E2-47A3-96F7-8D4FB787A0B7}.Debug|x64.ActiveCfg = Debug|Any CPU
		{9C010C48-42E2-47A3-96F7-8D4FB787A0B7}.Debug|x64.Build.0 = Debug|Any CPU
		{9C010C48-42E2-47A3-96F7-8D4FB787A0B7}.Debug|x86.ActiveCfg = Debug|Any CPU
		{9C010C48-42E2-47A3-96F7-8D4FB787A0B7}.Debug|x86.Build.0 = Debug|Any CPU
		{9C010C48-42E2-47A3-96F7-8D4FB787A0B7}.Release|Any CPU.ActiveCfg = Release|Any CPU
		{9C010C48-42E2-47A3-96F7-8D4FB787A0B7}.Release|Any CPU.Build.0 = Release|Any CPU
		{9C010C48-42E2-47A3-96F7-8D4FB787A0B7}.Release|x64.ActiveCfg = Release|Any CPU
		{9C010C48-42E2-47A3-96F7-8D4FB787A0B7}.Release|x64.Build.0 = Release|Any CPU
		{9C010C48-42E2-47A3-96F7-8D4FB787A0B7}.Release|x86.ActiveCfg = Release|Any CPU
		{9C010C48-42E2-47A3-96F7-8D4FB787A0B7}.Release|x86.Build.0 = Release|Any CPU
	EndGlobalSection
	GlobalSection(SolutionProperties) = preSolution
		HideSolutionNode = FALSE
	EndGlobalSection
	GlobalSection(NestedProjects) = preSolution
		{5B2B3F05-8B39-4571-8B7A-F9C10CB02B61} = {1BE54B58-19C6-4673-B693-6A1D2EB3C8D8}
		{501205A7-F83C-4A39-9DED-B6C1A4FC7A07} = {1BE54B58-19C6-4673-B693-6A1D2EB3C8D8}
		{01EF29DE-4E98-44B5-AA45-D63653BB463A} = {EFF6B650-7D03-4DDF-9911-510A7DAF0960}
		{FC3DD746-338D-4326-B90C-97A5949E4DD1} = {1BE54B58-19C6-4673-B693-6A1D2EB3C8D8}
		{FF11E91C-FBD4-4916-86DC-3772BD1CFF54} = {1BE54B58-19C6-4673-B693-6A1D2EB3C8D8}
		{3BA61679-2A6E-46E5-8850-5E4974AC5A11} = {1BE54B58-19C6-4673-B693-6A1D2EB3C8D8}
		{9C010C48-42E2-47A3-96F7-8D4FB787A0B7} = {EFF6B650-7D03-4DDF-9911-510A7DAF0960}
	EndGlobalSection
EndGlobal
